
Microsoft Visual Studio Solution File, Format Version 12.00
# Visual Studio Version 17
VisualStudioVersion = 17.5.33414.496
MinimumVisualStudioVersion = 10.0.40219.1
Project("{FAE04EC0-301F-11D3-BF4B-00C04F79EFBC}") = "Tetris", "Tetris\Tetris.csproj", "{B0E28314-5B4D-46B8-9141-0EAAF80FECFE}"
EndProject
Global
	GlobalSection(SolutionConfigurationPlatforms) = preSolution
		Debug|Any CPU = Debug|Any CPU
		Release|Any CPU = Release|Any CPU
	EndGlobalSection
	GlobalSection(ProjectConfigurationPlatforms) = postSolution
		{B0E28314-5B4D-46B8-9141-0EAAF80FECFE}.Debug|Any CPU.ActiveCfg = Debug|Any CPU
		{B0E28314-5B4D-46B8-9141-0EAAF80FECFE}.Debug|Any CPU.Build.0 = Debug|Any CPU
		{B0E28314-5B4D-46B8-9141-0EAAF80FECFE}.Release|Any CPU.ActiveCfg = Release|Any CPU
		{B0E28314-5B4D-46B8-9141-0EAAF80FECFE}.Release|Any CPU.Build.0 = Release|Any CPU
	EndGlobalSection
	GlobalSection(SolutionProperties) = preSolution
		HideSolutionNode = FALSE
	EndGlobalSection
	GlobalSection(ExtensibilityGlobals) = postSolution
		SolutionGuid = {B807C27C-756C-4F13-BBB5-56D512508F5D}
	EndGlobalSection
EndGlobal
